
Microsoft Visual Studio Solution File, Format Version 12.00
# Visual Studio Version 17
VisualStudioVersion = 17.2.32526.322
MinimumVisualStudioVersion = 10.0.40219.1
Project("{FAE04EC0-301F-11D3-BF4B-00C04F79EFBC}") = "einstein7", "einstein7\einstein7.csproj", "{13CDD0AD-ABEE-4971-9425-F83D6CE7EAA5}"
EndProject
Global
	GlobalSection(SolutionConfigurationPlatforms) = preSolution
		Debug|Any CPU = Debug|Any CPU
		Release|Any CPU = Release|Any CPU
	EndGlobalSection
	GlobalSection(ProjectConfigurationPlatforms) = postSolution
		{13CDD0AD-ABEE-4971-9425-F83D6CE7EAA5}.Debug|Any CPU.ActiveCfg = Debug|Any CPU
		{13CDD0AD-ABEE-4971-9425-F83D6CE7EAA5}.Debug|Any CPU.Build.0 = Debug|Any CPU
		{13CDD0AD-ABEE-4971-9425-F83D6CE7EAA5}.Release|Any CPU.ActiveCfg = Release|Any CPU
		{13CDD0AD-ABEE-4971-9425-F83D6CE7EAA5}.Release|Any CPU.Build.0 = Release|Any CPU
	EndGlobalSection
	GlobalSection(SolutionProperties) = preSolution
		HideSolutionNode = FALSE
	EndGlobalSection
	GlobalSection(ExtensibilityGlobals) = postSolution
		SolutionGuid = {1B48F82F-39E5-41B8-BCBC-CADB87F11DC0}
	EndGlobalSection
EndGlobal
